
Microsoft Visual Studio Solution File, Format Version 12.00
# Visual Studio Version 17
VisualStudioVersion = 17.0.31903.59
MinimumVisualStudioVersion = 10.0.40219.1
Project("{2150E333-8FDC-42A3-9474-1A3956D46DE8}") = "src", "src", "{052787FD-07BA-4EB3-B789-CA852B410ED1}"
EndProject
Project("{FAE04EC0-301F-11D3-BF4B-00C04F79EFBC}") = "LTAI.Core", "src\LTAI.Core\LTAI.Core.csproj", "{3E4C58F7-D918-4B35-84D1-339CFF05F050}"
EndProject
Project("{FAE04EC0-301F-11D3-BF4B-00C04F79EFBC}") = "LTAI.AI", "src\LTAI.AI\LTAI.AI.csproj", "{0997FB29-F707-4B36-B56C-F5D63A696B1C}"
EndProject
Project("{FAE04EC0-301F-11D3-BF4B-00C04F79EFBC}") = "LTAI.Web", "src\LTAI.Web\LTAI.Web.csproj", "{E645ABE4-D039-40BB-ACD8-583C9D7FB1D2}"
EndProject
Project("{FAE04EC0-301F-11D3-BF4B-00C04F79EFBC}") = "LTAI.Vector", "src\LTAI.Vector\LTAI.Vector.csproj", "{80D79425-A108-44C0-A2F5-25F917915C8B}"
EndProject
Project("{FAE04EC0-301F-11D3-BF4B-00C04F79EFBC}") = "LTAI.Document", "src\LTAI.Document\LTAI.Document.csproj", "{B74E7C05-534C-460D-B1CF-913E48443E9C}"
EndProject
Project("{FAE04EC0-301F-11D3-BF4B-00C04F79EFBC}") = "LTAI.Browser", "src\LTAI.Browser\LTAI.Browser.csproj", "{CE956A79-DD4F-489A-AE41-A229A7490B70}"
EndProject
Project("{FAE04EC0-301F-11D3-BF4B-00C04F79EFBC}") = "LTAI.Network", "src\LTAI.Network\LTAI.Network.csproj", "{E79576C0-07F6-490D-9952-C62DDF753B84}"
EndProject
Global
	GlobalSection(SolutionConfigurationPlatforms) = preSolution
		Debug|Any CPU = Debug|Any CPU
		Release|Any CPU = Release|Any CPU
	EndGlobalSection
	GlobalSection(SolutionProperties) = preSolution
		HideSolutionNode = FALSE
	EndGlobalSection
	GlobalSection(ProjectConfigurationPlatforms) = postSolution
		{3E4C58F7-D918-4B35-84D1-339CFF05F050}.Debug|Any CPU.ActiveCfg = Debug|Any CPU
		{3E4C58F7-D918-4B35-84D1-339CFF05F050}.Debug|Any CPU.Build.0 = Debug|Any CPU
		{3E4C58F7-D918-4B35-84D1-339CFF05F050}.Release|Any CPU.ActiveCfg = Release|Any CPU
		{3E4C58F7-D918-4B35-84D1-339CFF05F050}.Release|Any CPU.Build.0 = Release|Any CPU
		{0997FB29-F707-4B36-B56C-F5D63A696B1C}.Debug|Any CPU.ActiveCfg = Debug|Any CPU
		{0997FB29-F707-4B36-B56C-F5D63A696B1C}.Debug|Any CPU.Build.0 = Debug|Any CPU
		{0997FB29-F707-4B36-B56C-F5D63A696B1C}.Release|Any CPU.ActiveCfg = Release|Any CPU
		{0997FB29-F707-4B36-B56C-F5D63A696B1C}.Release|Any CPU.Build.0 = Release|Any CPU
		{E645ABE4-D039-40BB-ACD8-583C9D7FB1D2}.Debug|Any CPU.ActiveCfg = Debug|Any CPU
		{E645ABE4-D039-40BB-ACD8-583C9D7FB1D2}.Debug|Any CPU.Build.0 = Debug|Any CPU
		{E645ABE4-D039-40BB-ACD8-583C9D7FB1D2}.Release|Any CPU.ActiveCfg = Release|Any CPU
		{E645ABE4-D039-40BB-ACD8-583C9D7FB1D2}.Release|Any CPU.Build.0 = Release|Any CPU
		{80D79425-A108-44C0-A2F5-25F917915C8B}.Debug|Any CPU.ActiveCfg = Debug|Any CPU
		{80D79425-A108-44C0-A2F5-25F917915C8B}.Debug|Any CPU.Build.0 = Debug|Any CPU
		{80D79425-A108-44C0-A2F5-25F917915C8B}.Release|Any CPU.ActiveCfg = Release|Any CPU
		{80D79425-A108-44C0-A2F5-25F917915C8B}.Release|Any CPU.Build.0 = Release|Any CPU
		{B74E7C05-534C-460D-B1CF-913E48443E9C}.Debug|Any CPU.ActiveCfg = Debug|Any CPU
		{B74E7C05-534C-460D-B1CF-913E48443E9C}.Debug|Any CPU.Build.0 = Debug|Any CPU
		{B74E7C05-534C-460D-B1CF-913E48443E9C}.Release|Any CPU.ActiveCfg = Release|Any CPU
		{B74E7C05-534C-460D-B1CF-913E48443E9C}.Release|Any CPU.Build.0 = Release|Any CPU
		{CE956A79-DD4F-489A-AE41-A229A7490B70}.Debug|Any CPU.ActiveCfg = Debug|Any CPU
		{CE956A79-DD4F-489A-AE41-A229A7490B70}.Debug|Any CPU.Build.0 = Debug|Any CPU
		{CE956A79-DD4F-489A-AE41-A229A7490B70}.Release|Any CPU.ActiveCfg = Release|Any CPU
		{CE956A79-DD4F-489A-AE41-A229A7490B70}.Release|Any CPU.Build.0 = Release|Any CPU
		{E79576C0-07F6-490D-9952-C62DDF753B84}.Debug|Any CPU.ActiveCfg = Debug|Any CPU
		{E79576C0-07F6-490D-9952-C62DDF753B84}.Debug|Any CPU.Build.0 = Debug|Any CPU
		{E79576C0-07F6-490D-9952-C62DDF753B84}.Release|Any CPU.ActiveCfg = Release|Any CPU
		{E79576C0-07F6-490D-9952-C62DDF753B84}.Release|Any CPU.Build.0 = Release|Any CPU
	EndGlobalSection
	GlobalSection(NestedProjects) = preSolution
		{3E4C58F7-D918-4B35-84D1-339CFF05F050} = {052787FD-07BA-4EB3-B789-CA852B410ED1}
		{0997FB29-F707-4B36-B56C-F5D63A696B1C} = {052787FD-07BA-4EB3-B789-CA852B410ED1}
		{E645ABE4-D039-40BB-ACD8-583C9D7FB1D2} = {052787FD-07BA-4EB3-B789-CA852B410ED1}
		{80D79425-A108-44C0-A2F5-25F917915C8B} = {052787FD-07BA-4EB3-B789-CA852B410ED1}
		{B74E7C05-534C-460D-B1CF-913E48443E9C} = {052787FD-07BA-4EB3-B789-CA852B410ED1}
		{CE956A79-DD4F-489A-AE41-A229A7490B70} = {052787FD-07BA-4EB3-B789-CA852B410ED1}
		{E79576C0-07F6-490D-9952-C62DDF753B84} = {052787FD-07BA-4EB3-B789-CA852B410ED1}
	EndGlobalSection
EndGlobal
