
Microsoft Visual Studio Solution File, Format Version 12.00
# Visual Studio Version 17
VisualStudioVersion = 17.0.31903.59
MinimumVisualStudioVersion = 10.0.40219.1
Project("{2150E333-8FDC-42A3-9474-1A3956D46DE8}") = "src", "src", "{052787FD-07BA-4EB3-B789-CA852B410ED1}"
EndProject
Project("{FAE04EC0-301F-11D3-BF4B-00C04F79EFBC}") = "LTAI.Core", "src\LTAI.Core\LTAI.Core.csproj", "{3E4C58F7-D918-4B35-84D1-339CFF05F050}"
EndProject
Project("{FAE04EC0-301F-11D3-BF4B-00C04F79EFBC}") = "LTAI.AI", "src\LTAI.AI\LTAI.AI.csproj", "{0997FB29-F707-4B36-B56C-F5D63A696B1C}"
EndProject
Project("{FAE04EC0-301F-11D3-BF4B-00C04F79EFBC}") = "LTAI.Web", "src\LTAI.Web\LTAI.Web.csproj", "{E645ABE4-D039-40BB-ACD8-583C9D7FB1D2}"
EndProject
Project("{FAE04EC0-301F-11D3-BF4B-00C04F79EFBC}") = "LTAI.Vector", "src\LTAI.Vector\LTAI.Vector.csproj", "{80D79425-A108-44C0-A2F5-25F917915C8B}"
EndProject
Project("{FAE04EC0-301F-11D3-BF4B-00C04F79EFBC}") = "LTAI.Document", "src\LTAI.Document\LTAI.Document.csproj", "{B74E7C05-534C-460D-B1CF-913E48443E9C}"
EndProject
Project("{FAE04EC0-301F-11D3-BF4B-00C04F79EFBC}") = "LTAI.Browser", "src\LTAI.Browser\LTAI.Browser.csproj", "{CE956A79-DD4F-489A-AE41-A229A7490B70}"
EndProject
Project("{FAE04EC0-301F-11D3-BF4B-00C04F79EFBC}") = "LTAI.Network", "src\LTAI.Network\LTAI.Network.csproj", "{E79576C0-07F6-490D-9952-C62DDF753B84}"
EndProject
Project("{FAE04EC0-301F-11D3-BF4B-00C04F79EFBC}") = "LTAI.Execution", "src\LTAI.Execution\LTAI.Execution.csproj", "{A1B2C3D4-E5F6-7890-ABCD-EF1234567890}"
EndProject
Project("{FAE04EC0-301F-11D3-BF4B-00C04F79EFBC}") = "LTAI.Memory", "src\LTAI.Memory\LTAI.Memory.csproj", "{B2C3D4E5-F6A7-8901-BCDE-F12345678901}"
EndProject
Project("{FAE04EC0-301F-11D3-BF4B-00C04F79EFBC}") = "LTAI.Host", "src\LTAI.Host\LTAI.Host.csproj", "{C3D4E5F6-A7B8-9012-CDEF-123456789012}"
EndProject
Project("{FAE04EC0-301F-11D3-BF4B-00C04F79EFBC}") = "LTAI.TreeLLM", "src\LTAI.TreeLLM\LTAI.TreeLLM.csproj", "{D4E5F6A7-B8C9-0123-DEF1-234567890123}"
EndProject
Project("{FAE04EC0-301F-11D3-BF4B-00C04F79EFBC}") = "LTAI.Economy", "src\LTAI.Economy\LTAI.Economy.csproj", "{E5F6A7B8-C9D0-1234-EF12-345678901234}"
EndProject
Project("{FAE04EC0-301F-11D3-BF4B-00C04F79EFBC}") = "LTAI.Metrics", "src\LTAI.Metrics\LTAI.Metrics.csproj", "{5B1E099F-B43B-4A78-9E22-58072DC46159}"
EndProject
Project("{2150E333-8FDC-42A3-9474-1A3956D46DE8}") = "tests", "tests", "{0AB3BF05-4346-4AA6-1389-037BE0695223}"
EndProject
Project("{FAE04EC0-301F-11D3-BF4B-00C04F79EFBC}") = "LTAI.Benchmarks", "tests\LTAI.Benchmarks\LTAI.Benchmarks.csproj", "{17557ECF-5E80-4245-8755-66A1617F2B84}"
EndProject
Project("{FAE04EC0-301F-11D3-BF4B-00C04F79EFBC}") = "LTAI.Capability", "src\LTAI.Capability\LTAI.Capability.csproj", "{B6DFA2FA-C17A-426B-B5A1-F86A00FA96E9}"
EndProject
Project("{FAE04EC0-301F-11D3-BF4B-00C04F79EFBC}") = "LTAI.DNA", "src\LTAI.DNA\LTAI.DNA.csproj", "{6ABE3FFA-B833-429A-9C3A-92FCFB3B663A}"
EndProject
Project("{FAE04EC0-301F-11D3-BF4B-00C04F79EFBC}") = "LTAI.Cell", "src\LTAI.Cell\LTAI.Cell.csproj", "{C1D2E3F4-A5B6-7890-CDEF-012345678901}"
EndProject
Project("{FAE04EC0-301F-11D3-BF4B-00C04F79EFBC}") = "LTAI.Market", "src\LTAI.Market\LTAI.Market.csproj", "{D2E3F4A5-B6C7-8901-DEF1-234567890123}"
EndProject
Project("{FAE04EC0-301F-11D3-BF4B-00C04F79EFBC}") = "LTAI.Templates", "src\LTAI.Templates\LTAI.Templates.csproj", "{E3F4A5B6-C7D8-9012-EF12-345678901234}"
EndProject
Global
	GlobalSection(SolutionConfigurationPlatforms) = preSolution
		Debug|Any CPU = Debug|Any CPU
		Debug|x64 = Debug|x64
		Debug|x86 = Debug|x86
		Release|Any CPU = Release|Any CPU
		Release|x64 = Release|x64
		Release|x86 = Release|x86
	EndGlobalSection
	GlobalSection(ProjectConfigurationPlatforms) = postSolution
		{3E4C58F7-D918-4B35-84D1-339CFF05F050}.Debug|Any CPU.ActiveCfg = Debug|Any CPU
		{3E4C58F7-D918-4B35-84D1-339CFF05F050}.Debug|Any CPU.Build.0 = Debug|Any CPU
		{3E4C58F7-D918-4B35-84D1-339CFF05F050}.Debug|x64.ActiveCfg = Debug|Any CPU
		{3E4C58F7-D918-4B35-84D1-339CFF05F050}.Debug|x64.Build.0 = Debug|Any CPU
		{3E4C58F7-D918-4B35-84D1-339CFF05F050}.Debug|x86.ActiveCfg = Debug|Any CPU
		{3E4C58F7-D918-4B35-84D1-339CFF05F050}.Debug|x86.Build.0 = Debug|Any CPU
		{3E4C58F7-D918-4B35-84D1-339CFF05F050}.Release|Any CPU.ActiveCfg = Release|Any CPU
		{3E4C58F7-D918-4B35-84D1-339CFF05F050}.Release|Any CPU.Build.0 = Release|Any CPU
		{3E4C58F7-D918-4B35-84D1-339CFF05F050}.Release|x64.ActiveCfg = Release|Any CPU
		{3E4C58F7-D918-4B35-84D1-339CFF05F050}.Release|x64.Build.0 = Release|Any CPU
		{3E4C58F7-D918-4B35-84D1-339CFF05F050}.Release|x86.ActiveCfg = Release|Any CPU
		{3E4C58F7-D918-4B35-84D1-339CFF05F050}.Release|x86.Build.0 = Release|Any CPU
		{0997FB29-F707-4B36-B56C-F5D63A696B1C}.Debug|Any CPU.ActiveCfg = Debug|Any CPU
		{0997FB29-F707-4B36-B56C-F5D63A696B1C}.Debug|Any CPU.Build.0 = Debug|Any CPU
		{0997FB29-F707-4B36-B56C-F5D63A696B1C}.Debug|x64.ActiveCfg = Debug|Any CPU
		{0997FB29-F707-4B36-B56C-F5D63A696B1C}.Debug|x64.Build.0 = Debug|Any CPU
		{0997FB29-F707-4B36-B56C-F5D63A696B1C}.Debug|x86.ActiveCfg = Debug|Any CPU
		{0997FB29-F707-4B36-B56C-F5D63A696B1C}.Debug|x86.Build.0 = Debug|Any CPU
		{0997FB29-F707-4B36-B56C-F5D63A696B1C}.Release|Any CPU.ActiveCfg = Release|Any CPU
		{0997FB29-F707-4B36-B56C-F5D63A696B1C}.Release|Any CPU.Build.0 = Release|Any CPU
		{0997FB29-F707-4B36-B56C-F5D63A696B1C}.Release|x64.ActiveCfg = Release|Any CPU
		{0997FB29-F707-4B36-B56C-F5D63A696B1C}.Release|x64.Build.0 = Release|Any CPU
		{0997FB29-F707-4B36-B56C-F5D63A696B1C}.Release|x86.ActiveCfg = Release|Any CPU
		{0997FB29-F707-4B36-B56C-F5D63A696B1C}.Release|x86.Build.0 = Release|Any CPU
		{E645ABE4-D039-40BB-ACD8-583C9D7FB1D2}.Debug|Any CPU.ActiveCfg = Debug|Any CPU
		{E645ABE4-D039-40BB-ACD8-583C9D7FB1D2}.Debug|Any CPU.Build.0 = Debug|Any CPU
		{E645ABE4-D039-40BB-ACD8-583C9D7FB1D2}.Debug|x64.ActiveCfg = Debug|Any CPU
		{E645ABE4-D039-40BB-ACD8-583C9D7FB1D2}.Debug|x64.Build.0 = Debug|Any CPU
		{E645ABE4-D039-40BB-ACD8-583C9D7FB1D2}.Debug|x86.ActiveCfg = Debug|Any CPU
		{E645ABE4-D039-40BB-ACD8-583C9D7FB1D2}.Debug|x86.Build.0 = Debug|Any CPU
		{E645ABE4-D039-40BB-ACD8-583C9D7FB1D2}.Release|Any CPU.ActiveCfg = Release|Any CPU
		{E645ABE4-D039-40BB-ACD8-583C9D7FB1D2}.Release|Any CPU.Build.0 = Release|Any CPU
		{E645ABE4-D039-40BB-ACD8-583C9D7FB1D2}.Release|x64.ActiveCfg = Release|Any CPU
		{E645ABE4-D039-40BB-ACD8-583C9D7FB1D2}.Release|x64.Build.0 = Release|Any CPU
		{E645ABE4-D039-40BB-ACD8-583C9D7FB1D2}.Release|x86.ActiveCfg = Release|Any CPU
		{E645ABE4-D039-40BB-ACD8-583C9D7FB1D2}.Release|x86.Build.0 = Release|Any CPU
		{80D79425-A108-44C0-A2F5-25F917915C8B}.Debug|Any CPU.ActiveCfg = Debug|Any CPU
		{80D79425-A108-44C0-A2F5-25F917915C8B}.Debug|Any CPU.Build.0 = Debug|Any CPU
		{80D79425-A108-44C0-A2F5-25F917915C8B}.Debug|x64.ActiveCfg = Debug|Any CPU
		{80D79425-A108-44C0-A2F5-25F917915C8B}.Debug|x64.Build.0 = Debug|Any CPU
		{80D79425-A108-44C0-A2F5-25F917915C8B}.Debug|x86.ActiveCfg = Debug|Any CPU
		{80D79425-A108-44C0-A2F5-25F917915C8B}.Debug|x86.Build.0 = Debug|Any CPU
		{80D79425-A108-44C0-A2F5-25F917915C8B}.Release|Any CPU.ActiveCfg = Release|Any CPU
		{80D79425-A108-44C0-A2F5-25F917915C8B}.Release|Any CPU.Build.0 = Release|Any CPU
		{80D79425-A108-44C0-A2F5-25F917915C8B}.Release|x64.ActiveCfg = Release|Any CPU
		{80D79425-A108-44C0-A2F5-25F917915C8B}.Release|x64.Build.0 = Release|Any CPU
		{80D79425-A108-44C0-A2F5-25F917915C8B}.Release|x86.ActiveCfg = Release|Any CPU
		{80D79425-A108-44C0-A2F5-25F917915C8B}.Release|x86.Build.0 = Release|Any CPU
		{B74E7C05-534C-460D-B1CF-913E48443E9C}.Debug|Any CPU.ActiveCfg = Debug|Any CPU
		{B74E7C05-534C-460D-B1CF-913E48443E9C}.Debug|Any CPU.Build.0 = Debug|Any CPU
		{B74E7C05-534C-460D-B1CF-913E48443E9C}.Debug|x64.ActiveCfg = Debug|Any CPU
		{B74E7C05-534C-460D-B1CF-913E48443E9C}.Debug|x64.Build.0 = Debug|Any CPU
		{B74E7C05-534C-460D-B1CF-913E48443E9C}.Debug|x86.ActiveCfg = Debug|Any CPU
		{B74E7C05-534C-460D-B1CF-913E48443E9C}.Debug|x86.Build.0 = Debug|Any CPU
		{B74E7C05-534C-460D-B1CF-913E48443E9C}.Release|Any CPU.ActiveCfg = Release|Any CPU
		{B74E7C05-534C-460D-B1CF-913E48443E9C}.Release|Any CPU.Build.0 = Release|Any CPU
		{B74E7C05-534C-460D-B1CF-913E48443E9C}.Release|x64.ActiveCfg = Release|Any CPU
		{B74E7C05-534C-460D-B1CF-913E48443E9C}.Release|x64.Build.0 = Release|Any CPU
		{B74E7C05-534C-460D-B1CF-913E48443E9C}.Release|x86.ActiveCfg = Release|Any CPU
		{B74E7C05-534C-460D-B1CF-913E48443E9C}.Release|x86.Build.0 = Release|Any CPU
		{CE956A79-DD4F-489A-AE41-A229A7490B70}.Debug|Any CPU.ActiveCfg = Debug|Any CPU
		{CE956A79-DD4F-489A-AE41-A229A7490B70}.Debug|Any CPU.Build.0 = Debug|Any CPU
		{CE956A79-DD4F-489A-AE41-A229A7490B70}.Debug|x64.ActiveCfg = Debug|Any CPU
		{CE956A79-DD4F-489A-AE41-A229A7490B70}.Debug|x64.Build.0 = Debug|Any CPU
		{CE956A79-DD4F-489A-AE41-A229A7490B70}.Debug|x86.ActiveCfg = Debug|Any CPU
		{CE956A79-DD4F-489A-AE41-A229A7490B70}.Debug|x86.Build.0 = Debug|Any CPU
		{CE956A79-DD4F-489A-AE41-A229A7490B70}.Release|Any CPU.ActiveCfg = Release|Any CPU
		{CE956A79-DD4F-489A-AE41-A229A7490B70}.Release|Any CPU.Build.0 = Release|Any CPU
		{CE956A79-DD4F-489A-AE41-A229A7490B70}.Release|x64.ActiveCfg = Release|Any CPU
		{CE956A79-DD4F-489A-AE41-A229A7490B70}.Release|x64.Build.0 = Release|Any CPU
		{CE956A79-DD4F-489A-AE41-A229A7490B70}.Release|x86.ActiveCfg = Release|Any CPU
		{CE956A79-DD4F-489A-AE41-A229A7490B70}.Release|x86.Build.0 = Release|Any CPU
		{E79576C0-07F6-490D-9952-C62DDF753B84}.Debug|Any CPU.ActiveCfg = Debug|Any CPU
		{E79576C0-07F6-490D-9952-C62DDF753B84}.Debug|Any CPU.Build.0 = Debug|Any CPU
		{E79576C0-07F6-490D-9952-C62DDF753B84}.Debug|x64.ActiveCfg = Debug|Any CPU
		{E79576C0-07F6-490D-9952-C62DDF753B84}.Debug|x64.Build.0 = Debug|Any CPU
		{E79576C0-07F6-490D-9952-C62DDF753B84}.Debug|x86.ActiveCfg = Debug|Any CPU
		{E79576C0-07F6-490D-9952-C62DDF753B84}.Debug|x86.Build.0 = Debug|Any CPU
		{E79576C0-07F6-490D-9952-C62DDF753B84}.Release|Any CPU.ActiveCfg = Release|Any CPU
		{E79576C0-07F6-490D-9952-C62DDF753B84}.Release|Any CPU.Build.0 = Release|Any CPU
		{E79576C0-07F6-490D-9952-C62DDF753B84}.Release|x64.ActiveCfg = Release|Any CPU
		{E79576C0-07F6-490D-9952-C62DDF753B84}.Release|x64.Build.0 = Release|Any CPU
		{E79576C0-07F6-490D-9952-C62DDF753B84}.Release|x86.ActiveCfg = Release|Any CPU
		{E79576C0-07F6-490D-9952-C62DDF753B84}.Release|x86.Build.0 = Release|Any CPU
		{A1B2C3D4-E5F6-7890-ABCD-EF1234567890}.Debug|Any CPU.ActiveCfg = Debug|Any CPU
		{A1B2C3D4-E5F6-7890-ABCD-EF1234567890}.Debug|Any CPU.Build.0 = Debug|Any CPU
		{A1B2C3D4-E5F6-7890-ABCD-EF1234567890}.Debug|x64.ActiveCfg = Debug|Any CPU
		{A1B2C3D4-E5F6-7890-ABCD-EF1234567890}.Debug|x64.Build.0 = Debug|Any CPU
		{A1B2C3D4-E5F6-7890-ABCD-EF1234567890}.Debug|x86.ActiveCfg = Debug|Any CPU
		{A1B2C3D4-E5F6-7890-ABCD-EF1234567890}.Debug|x86.Build.0 = Debug|Any CPU
		{A1B2C3D4-E5F6-7890-ABCD-EF1234567890}.Release|Any CPU.ActiveCfg = Release|Any CPU
		{A1B2C3D4-E5F6-7890-ABCD-EF1234567890}.Release|Any CPU.Build.0 = Release|Any CPU
		{A1B2C3D4-E5F6-7890-ABCD-EF1234567890}.Release|x64.ActiveCfg = Release|Any CPU
		{A1B2C3D4-E5F6-7890-ABCD-EF1234567890}.Release|x64.Build.0 = Release|Any CPU
		{A1B2C3D4-E5F6-7890-ABCD-EF1234567890}.Release|x86.ActiveCfg = Release|Any CPU
		{A1B2C3D4-E5F6-7890-ABCD-EF1234567890}.Release|x86.Build.0 = Release|Any CPU
		{B2C3D4E5-F6A7-8901-BCDE-F12345678901}.Debug|Any CPU.ActiveCfg = Debug|Any CPU
		{B2C3D4E5-F6A7-8901-BCDE-F12345678901}.Debug|Any CPU.Build.0 = Debug|Any CPU
		{B2C3D4E5-F6A7-8901-BCDE-F12345678901}.Debug|x64.ActiveCfg = Debug|Any CPU
		{B2C3D4E5-F6A7-8901-BCDE-F12345678901}.Debug|x64.Build.0 = Debug|Any CPU
		{B2C3D4E5-F6A7-8901-BCDE-F12345678901}.Debug|x86.ActiveCfg = Debug|Any CPU
		{B2C3D4E5-F6A7-8901-BCDE-F12345678901}.Debug|x86.Build.0 = Debug|Any CPU
		{B2C3D4E5-F6A7-8901-BCDE-F12345678901}.Release|Any CPU.ActiveCfg = Release|Any CPU
		{B2C3D4E5-F6A7-8901-BCDE-F12345678901}.Release|Any CPU.Build.0 = Release|Any CPU
		{B2C3D4E5-F6A7-8901-BCDE-F12345678901}.Release|x64.ActiveCfg = Release|Any CPU
		{B2C3D4E5-F6A7-8901-BCDE-F12345678901}.Release|x64.Build.0 = Release|Any CPU
		{B2C3D4E5-F6A7-8901-BCDE-F12345678901}.Release|x86.ActiveCfg = Release|Any CPU
		{B2C3D4E5-F6A7-8901-BCDE-F12345678901}.Release|x86.Build.0 = Release|Any CPU
		{C3D4E5F6-A7B8-9012-CDEF-123456789012}.Debug|Any CPU.ActiveCfg = Debug|Any CPU
		{C3D4E5F6-A7B8-9012-CDEF-123456789012}.Debug|Any CPU.Build.0 = Debug|Any CPU
		{C3D4E5F6-A7B8-9012-CDEF-123456789012}.Debug|x64.ActiveCfg = Debug|Any CPU
		{C3D4E5F6-A7B8-9012-CDEF-123456789012}.Debug|x64.Build.0 = Debug|Any CPU
		{C3D4E5F6-A7B8-9012-CDEF-123456789012}.Debug|x86.ActiveCfg = Debug|Any CPU
		{C3D4E5F6-A7B8-9012-CDEF-123456789012}.Debug|x86.Build.0 = Debug|Any CPU
		{C3D4E5F6-A7B8-9012-CDEF-123456789012}.Release|Any CPU.ActiveCfg = Release|Any CPU
		{C3D4E5F6-A7B8-9012-CDEF-123456789012}.Release|Any CPU.Build.0 = Release|Any CPU
		{C3D4E5F6-A7B8-9012-CDEF-123456789012}.Release|x64.ActiveCfg = Release|Any CPU
		{C3D4E5F6-A7B8-9012-CDEF-123456789012}.Release|x64.Build.0 = Release|Any CPU
		{C3D4E5F6-A7B8-9012-CDEF-123456789012}.Release|x86.ActiveCfg = Release|Any CPU
		{C3D4E5F6-A7B8-9012-CDEF-123456789012}.Release|x86.Build.0 = Release|Any CPU
		{D4E5F6A7-B8C9-0123-DEF1-234567890123}.Debug|Any CPU.ActiveCfg = Debug|Any CPU
		{D4E5F6A7-B8C9-0123-DEF1-234567890123}.Debug|Any CPU.Build.0 = Debug|Any CPU
		{D4E5F6A7-B8C9-0123-DEF1-234567890123}.Debug|x64.ActiveCfg = Debug|Any CPU
		{D4E5F6A7-B8C9-0123-DEF1-234567890123}.Debug|x64.Build.0 = Debug|Any CPU
		{D4E5F6A7-B8C9-0123-DEF1-234567890123}.Debug|x86.ActiveCfg = Debug|Any CPU
		{D4E5F6A7-B8C9-0123-DEF1-234567890123}.Debug|x86.Build.0 = Debug|Any CPU
		{D4E5F6A7-B8C9-0123-DEF1-234567890123}.Release|Any CPU.ActiveCfg = Release|Any CPU
		{D4E5F6A7-B8C9-0123-DEF1-234567890123}.Release|Any CPU.Build.0 = Release|Any CPU
		{D4E5F6A7-B8C9-0123-DEF1-234567890123}.Release|x64.ActiveCfg = Release|Any CPU
		{D4E5F6A7-B8C9-0123-DEF1-234567890123}.Release|x64.Build.0 = Release|Any CPU
		{D4E5F6A7-B8C9-0123-DEF1-234567890123}.Release|x86.ActiveCfg = Release|Any CPU
		{D4E5F6A7-B8C9-0123-DEF1-234567890123}.Release|x86.Build.0 = Release|Any CPU
		{E5F6A7B8-C9D0-1234-EF12-345678901234}.Debug|Any CPU.ActiveCfg = Debug|Any CPU
		{E5F6A7B8-C9D0-1234-EF12-345678901234}.Debug|Any CPU.Build.0 = Debug|Any CPU
		{E5F6A7B8-C9D0-1234-EF12-345678901234}.Debug|x64.ActiveCfg = Debug|Any CPU
		{E5F6A7B8-C9D0-1234-EF12-345678901234}.Debug|x64.Build.0 = Debug|Any CPU
		{E5F6A7B8-C9D0-1234-EF12-345678901234}.Debug|x86.ActiveCfg = Debug|Any CPU
		{E5F6A7B8-C9D0-1234-EF12-345678901234}.Debug|x86.Build.0 = Debug|Any CPU
		{E5F6A7B8-C9D0-1234-EF12-345678901234}.Release|Any CPU.ActiveCfg = Release|Any CPU
		{E5F6A7B8-C9D0-1234-EF12-345678901234}.Release|Any CPU.Build.0 = Release|Any CPU
		{E5F6A7B8-C9D0-1234-EF12-345678901234}.Release|x64.ActiveCfg = Release|Any CPU
		{E5F6A7B8-C9D0-1234-EF12-345678901234}.Release|x64.Build.0 = Release|Any CPU
		{E5F6A7B8-C9D0-1234-EF12-345678901234}.Release|x86.ActiveCfg = Release|Any CPU
		{E5F6A7B8-C9D0-1234-EF12-345678901234}.Release|x86.Build.0 = Release|Any CPU
		{5B1E099F-B43B-4A78-9E22-58072DC46159}.Debug|Any CPU.ActiveCfg = Debug|Any CPU
		{5B1E099F-B43B-4A78-9E22-58072DC46159}.Debug|Any CPU.Build.0 = Debug|Any CPU
		{5B1E099F-B43B-4A78-9E22-58072DC46159}.Debug|x64.ActiveCfg = Debug|Any CPU
		{5B1E099F-B43B-4A78-9E22-58072DC46159}.Debug|x64.Build.0 = Debug|Any CPU
		{5B1E099F-B43B-4A78-9E22-58072DC46159}.Debug|x86.ActiveCfg = Debug|Any CPU
		{5B1E099F-B43B-4A78-9E22-58072DC46159}.Debug|x86.Build.0 = Debug|Any CPU
		{5B1E099F-B43B-4A78-9E22-58072DC46159}.Release|Any CPU.ActiveCfg = Release|Any CPU
		{5B1E099F-B43B-4A78-9E22-58072DC46159}.Release|Any CPU.Build.0 = Release|Any CPU
		{5B1E099F-B43B-4A78-9E22-58072DC46159}.Release|x64.ActiveCfg = Release|Any CPU
		{5B1E099F-B43B-4A78-9E22-58072DC46159}.Release|x64.Build.0 = Release|Any CPU
		{5B1E099F-B43B-4A78-9E22-58072DC46159}.Release|x86.ActiveCfg = Release|Any CPU
		{5B1E099F-B43B-4A78-9E22-58072DC46159}.Release|x86.Build.0 = Release|Any CPU
		{17557ECF-5E80-4245-8755-66A1617F2B84}.Debug|Any CPU.ActiveCfg = Debug|Any CPU
		{17557ECF-5E80-4245-8755-66A1617F2B84}.Debug|Any CPU.Build.0 = Debug|Any CPU
		{17557ECF-5E80-4245-8755-66A1617F2B84}.Debug|x64.ActiveCfg = Debug|Any CPU
		{17557ECF-5E80-4245-8755-66A1617F2B84}.Debug|x64.Build.0 = Debug|Any CPU
		{17557ECF-5E80-4245-8755-66A1617F2B84}.Debug|x86.ActiveCfg = Debug|Any CPU
		{17557ECF-5E80-4245-8755-66A1617F2B84}.Debug|x86.Build.0 = Debug|Any CPU
		{17557ECF-5E80-4245-8755-66A1617F2B84}.Release|Any CPU.ActiveCfg = Release|Any CPU
		{17557ECF-5E80-4245-8755-66A1617F2B84}.Release|Any CPU.Build.0 = Release|Any CPU
		{17557ECF-5E80-4245-8755-66A1617F2B84}.Release|x64.ActiveCfg = Release|Any CPU
		{17557ECF-5E80-4245-8755-66A1617F2B84}.Release|x64.Build.0 = Release|Any CPU
		{17557ECF-5E80-4245-8755-66A1617F2B84}.Release|x86.ActiveCfg = Release|Any CPU
		{17557ECF-5E80-4245-8755-66A1617F2B84}.Release|x86.Build.0 = Release|Any CPU
		{B6DFA2FA-C17A-426B-B5A1-F86A00FA96E9}.Debug|Any CPU.ActiveCfg = Debug|Any CPU
		{B6DFA2FA-C17A-426B-B5A1-F86A00FA96E9}.Debug|Any CPU.Build.0 = Debug|Any CPU
		{B6DFA2FA-C17A-426B-B5A1-F86A00FA96E9}.Debug|x64.ActiveCfg = Debug|Any CPU
		{B6DFA2FA-C17A-426B-B5A1-F86A00FA96E9}.Debug|x64.Build.0 = Debug|Any CPU
		{B6DFA2FA-C17A-426B-B5A1-F86A00FA96E9}.Debug|x86.ActiveCfg = Debug|Any CPU
		{B6DFA2FA-C17A-426B-B5A1-F86A00FA96E9}.Debug|x86.Build.0 = Debug|Any CPU
		{B6DFA2FA-C17A-426B-B5A1-F86A00FA96E9}.Release|Any CPU.ActiveCfg = Release|Any CPU
		{B6DFA2FA-C17A-426B-B5A1-F86A00FA96E9}.Release|Any CPU.Build.0 = Release|Any CPU
		{B6DFA2FA-C17A-426B-B5A1-F86A00FA96E9}.Release|x64.ActiveCfg = Release|Any CPU
		{B6DFA2FA-C17A-426B-B5A1-F86A00FA96E9}.Release|x64.Build.0 = Release|Any CPU
		{B6DFA2FA-C17A-426B-B5A1-F86A00FA96E9}.Release|x86.ActiveCfg = Release|Any CPU
		{B6DFA2FA-C17A-426B-B5A1-F86A00FA96E9}.Release|x86.Build.0 = Release|Any CPU
		{6ABE3FFA-B833-429A-9C3A-92FCFB3B663A}.Debug|Any CPU.ActiveCfg = Debug|Any CPU
		{6ABE3FFA-B833-429A-9C3A-92FCFB3B663A}.Debug|Any CPU.Build.0 = Debug|Any CPU
		{6ABE3FFA-B833-429A-9C3A-92FCFB3B663A}.Debug|x64.ActiveCfg = Debug|Any CPU
		{6ABE3FFA-B833-429A-9C3A-92FCFB3B663A}.Debug|x64.Build.0 = Debug|Any CPU
		{6ABE3FFA-B833-429A-9C3A-92FCFB3B663A}.Debug|x86.ActiveCfg = Debug|Any CPU
		{6ABE3FFA-B833-429A-9C3A-92FCFB3B663A}.Debug|x86.Build.0 = Debug|Any CPU
		{6ABE3FFA-B833-429A-9C3A-92FCFB3B663A}.Release|Any CPU.ActiveCfg = Release|Any CPU
		{6ABE3FFA-B833-429A-9C3A-92FCFB3B663A}.Release|Any CPU.Build.0 = Release|Any CPU
		{6ABE3FFA-B833-429A-9C3A-92FCFB3B663A}.Release|x64.ActiveCfg = Release|Any CPU
		{6ABE3FFA-B833-429A-9C3A-92FCFB3B663A}.Release|x64.Build.0 = Release|Any CPU
		{6ABE3FFA-B833-429A-9C3A-92FCFB3B663A}.Release|x86.ActiveCfg = Release|Any CPU
		{6ABE3FFA-B833-429A-9C3A-92FCFB3B663A}.Release|x86.Build.0 = Release|Any CPU
		{C1D2E3F4-A5B6-7890-CDEF-012345678901}.Debug|Any CPU.ActiveCfg = Debug|Any CPU
		{C1D2E3F4-A5B6-7890-CDEF-012345678901}.Debug|Any CPU.Build.0 = Debug|Any CPU
		{C1D2E3F4-A5B6-7890-CDEF-012345678901}.Debug|x64.ActiveCfg = Debug|Any CPU
		{C1D2E3F4-A5B6-7890-CDEF-012345678901}.Debug|x64.Build.0 = Debug|Any CPU
		{C1D2E3F4-A5B6-7890-CDEF-012345678901}.Debug|x86.ActiveCfg = Debug|Any CPU
		{C1D2E3F4-A5B6-7890-CDEF-012345678901}.Debug|x86.Build.0 = Debug|Any CPU
		{C1D2E3F4-A5B6-7890-CDEF-012345678901}.Release|Any CPU.ActiveCfg = Release|Any CPU
		{C1D2E3F4-A5B6-7890-CDEF-012345678901}.Release|Any CPU.Build.0 = Release|Any CPU
		{C1D2E3F4-A5B6-7890-CDEF-012345678901}.Release|x64.ActiveCfg = Release|Any CPU
		{C1D2E3F4-A5B6-7890-CDEF-012345678901}.Release|x64.Build.0 = Release|Any CPU
		{C1D2E3F4-A5B6-7890-CDEF-012345678901}.Release|x86.ActiveCfg = Release|Any CPU
		{C1D2E3F4-A5B6-7890-CDEF-012345678901}.Release|x86.Build.0 = Release|Any CPU
		{D2E3F4A5-B6C7-8901-DEF1-234567890123}.Debug|Any CPU.ActiveCfg = Debug|Any CPU
		{D2E3F4A5-B6C7-8901-DEF1-234567890123}.Debug|Any CPU.Build.0 = Debug|Any CPU
		{D2E3F4A5-B6C7-8901-DEF1-234567890123}.Debug|x64.ActiveCfg = Debug|Any CPU
		{D2E3F4A5-B6C7-8901-DEF1-234567890123}.Debug|x64.Build.0 = Debug|Any CPU
		{D2E3F4A5-B6C7-8901-DEF1-234567890123}.Debug|x86.ActiveCfg = Debug|Any CPU
		{D2E3F4A5-B6C7-8901-DEF1-234567890123}.Debug|x86.Build.0 = Debug|Any CPU
		{D2E3F4A5-B6C7-8901-DEF1-234567890123}.Release|Any CPU.ActiveCfg = Release|Any CPU
		{D2E3F4A5-B6C7-8901-DEF1-234567890123}.Release|Any CPU.Build.0 = Release|Any CPU
		{D2E3F4A5-B6C7-8901-DEF1-234567890123}.Release|x64.ActiveCfg = Release|Any CPU
		{D2E3F4A5-B6C7-8901-DEF1-234567890123}.Release|x64.Build.0 = Release|Any CPU
		{D2E3F4A5-B6C7-8901-DEF1-234567890123}.Release|x86.ActiveCfg = Release|Any CPU
		{D2E3F4A5-B6C7-8901-DEF1-234567890123}.Release|x86.Build.0 = Release|Any CPU
		{E3F4A5B6-C7D8-9012-EF12-345678901234}.Debug|Any CPU.ActiveCfg = Debug|Any CPU
		{E3F4A5B6-C7D8-9012-EF12-345678901234}.Debug|Any CPU.Build.0 = Debug|Any CPU
		{E3F4A5B6-C7D8-9012-EF12-345678901234}.Debug|x64.ActiveCfg = Debug|Any CPU
		{E3F4A5B6-C7D8-9012-EF12-345678901234}.Debug|x64.Build.0 = Debug|Any CPU
		{E3F4A5B6-C7D8-9012-EF12-345678901234}.Debug|x86.ActiveCfg = Debug|Any CPU
		{E3F4A5B6-C7D8-9012-EF12-345678901234}.Debug|x86.Build.0 = Debug|Any CPU
		{E3F4A5B6-C7D8-9012-EF12-345678901234}.Release|Any CPU.ActiveCfg = Release|Any CPU
		{E3F4A5B6-C7D8-9012-EF12-345678901234}.Release|Any CPU.Build.0 = Release|Any CPU
		{E3F4A5B6-C7D8-9012-EF12-345678901234}.Release|x64.ActiveCfg = Release|Any CPU
		{E3F4A5B6-C7D8-9012-EF12-345678901234}.Release|x64.Build.0 = Release|Any CPU
		{E3F4A5B6-C7D8-9012-EF12-345678901234}.Release|x86.ActiveCfg = Release|Any CPU
		{E3F4A5B6-C7D8-9012-EF12-345678901234}.Release|x86.Build.0 = Release|Any CPU
	EndGlobalSection
	GlobalSection(SolutionProperties) = preSolution
		HideSolutionNode = FALSE
	EndGlobalSection
	GlobalSection(NestedProjects) = preSolution
		{3E4C58F7-D918-4B35-84D1-339CFF05F050} = {052787FD-07BA-4EB3-B789-CA852B410ED1}
		{0997FB29-F707-4B36-B56C-F5D63A696B1C} = {052787FD-07BA-4EB3-B789-CA852B410ED1}
		{E645ABE4-D039-40BB-ACD8-583C9D7FB1D2} = {052787FD-07BA-4EB3-B789-CA852B410ED1}
		{80D79425-A108-44C0-A2F5-25F917915C8B} = {052787FD-07BA-4EB3-B789-CA852B410ED1}
		{B74E7C05-534C-460D-B1CF-913E48443E9C} = {052787FD-07BA-4EB3-B789-CA852B410ED1}
		{CE956A79-DD4F-489A-AE41-A229A7490B70} = {052787FD-07BA-4EB3-B789-CA852B410ED1}
		{E79576C0-07F6-490D-9952-C62DDF753B84} = {052787FD-07BA-4EB3-B789-CA852B410ED1}
		{A1B2C3D4-E5F6-7890-ABCD-EF1234567890} = {052787FD-07BA-4EB3-B789-CA852B410ED1}
		{B2C3D4E5-F6A7-8901-BCDE-F12345678901} = {052787FD-07BA-4EB3-B789-CA852B410ED1}
		{C3D4E5F6-A7B8-9012-CDEF-123456789012} = {052787FD-07BA-4EB3-B789-CA852B410ED1}
		{D4E5F6A7-B8C9-0123-DEF1-234567890123} = {052787FD-07BA-4EB3-B789-CA852B410ED1}
		{E5F6A7B8-C9D0-1234-EF12-345678901234} = {052787FD-07BA-4EB3-B789-CA852B410ED1}
		{5B1E099F-B43B-4A78-9E22-58072DC46159} = {052787FD-07BA-4EB3-B789-CA852B410ED1}
		{17557ECF-5E80-4245-8755-66A1617F2B84} = {0AB3BF05-4346-4AA6-1389-037BE0695223}
		{B6DFA2FA-C17A-426B-B5A1-F86A00FA96E9} = {0AB3BF05-4346-4AA6-1389-037BE0695223}
		{6ABE3FFA-B833-429A-9C3A-92FCFB3B663A} = {0AB3BF05-4346-4AA6-1389-037BE0695223}
		{C1D2E3F4-A5B6-7890-CDEF-012345678901} = {052787FD-07BA-4EB3-B789-CA852B410ED1}
		{D2E3F4A5-B6C7-8901-DEF1-234567890123} = {052787FD-07BA-4EB3-B789-CA852B410ED1}
		{E3F4A5B6-C7D8-9012-EF12-345678901234} = {052787FD-07BA-4EB3-B789-CA852B410ED1}
	EndGlobalSection
EndGlobal
