
Microsoft Visual Studio Solution File, Format Version 12.00
# Visual Studio Version 17
VisualStudioVersion = 17.0.31903.59
MinimumVisualStudioVersion = 10.0.40219.1
Project("{2150E333-8FDC-42A3-9474-1A3956D46DE8}") = "src", "src", "{052787FD-07BA-4EB3-B789-CA852B410ED1}"
EndProject
Project("{2150E333-8FDC-42A3-9474-1A3956D46DE8}") = "tests", "tests", "{0AB3BF05-4346-4AA6-1389-037BE0695223}"
EndProject
Project("{FAE04EC0-301F-11D3-BF4B-00C04F79EFBC}") = "LTAI.Core", "src\LTAI.Core\LTAI.Core.csproj", "{3E4C58F7-D918-4B35-84D1-339CFF05F050}"
EndProject
Project("{FAE04EC0-301F-11D3-BF4B-00C04F79EFBC}") = "LTAI.AI", "src\LTAI.AI\LTAI.AI.csproj", "{0997FB29-F707-4B36-B56C-F5D63A696B1C}"
EndProject
Project("{FAE04EC0-301F-11D3-BF4B-00C04F79EFBC}") = "LTAI.Agent", "src\LTAI.Agent\LTAI.Agent.csproj", "{55555555-5555-5555-5555-555555555555}"
EndProject
Project("{FAE04EC0-301F-11D3-BF4B-00C04F79EFBC}") = "LTAI.Cli", "src\LTAI.Cli\LTAI.Cli.csproj", "{88888888-8888-8888-8888-888888888888}"
EndProject
Project("{FAE04EC0-301F-11D3-BF4B-00C04F79EFBC}") = "LTAI.TUI", "src\LTAI.TUI\LTAI.TUI.csproj", "{77777777-7777-7777-7777-777777777777}"
EndProject
Project("{FAE04EC0-301F-11D3-BF4B-00C04F79EFBC}") = "LTAI.Desktop", "src\LTAI.Desktop\LTAI.Desktop.csproj", "{99999999-9999-9999-9999-999999999999}"
EndProject
Project("{FAE04EC0-301F-11D3-BF4B-00C04F79EFBC}") = "LTAI.Benchmarks", "tests\LTAI.Benchmarks\LTAI.Benchmarks.csproj", "{17557ECF-5E80-4245-8755-66A1617F2B84}"
EndProject
Project("{FAE04EC0-301F-11D3-BF4B-00C04F79EFBC}") = "LTAI.Accelerator", "src\LTAI.Accelerator\LTAI.Accelerator.csproj", "{5CF6E9F5-1AA6-4A8A-A745-1946F59047F5}"
EndProject
Project("{FAE04EC0-301F-11D3-BF4B-00C04F79EFBC}") = "LTAI.Hpo", "src\LTAI.Hpo\LTAI.Hpo.csproj", "{0EECA1E4-F689-4D83-B26C-2E201E7A701B}"
EndProject
Project("{FAE04EC0-301F-11D3-BF4B-00C04F79EFBC}") = "LTAI.Mm", "src\LTAI.Mm\LTAI.Mm.csproj", "{15FF3C10-FCB6-4889-8E55-C747B34DB857}"
EndProject
Global
	GlobalSection(SolutionConfigurationPlatforms) = preSolution
		Debug|Any CPU = Debug|Any CPU
		Debug|x64 = Debug|x64
		Debug|x86 = Debug|x86
		Release|Any CPU = Release|Any CPU
		Release|x64 = Release|x64
		Release|x86 = Release|x86
	EndGlobalSection
	GlobalSection(ProjectConfigurationPlatforms) = postSolution
		{3E4C58F7-D918-4B35-84D1-339CFF05F050}.Debug|Any CPU.ActiveCfg = Debug|Any CPU
		{3E4C58F7-D918-4B35-84D1-339CFF05F050}.Debug|Any CPU.Build.0 = Debug|Any CPU
		{0997FB29-F707-4B36-B56C-F5D63A696B1C}.Debug|Any CPU.ActiveCfg = Debug|Any CPU
		{0997FB29-F707-4B36-B56C-F5D63A696B1C}.Debug|Any CPU.Build.0 = Debug|Any CPU
		{55555555-5555-5555-5555-555555555555}.Debug|Any CPU.ActiveCfg = Debug|Any CPU
		{55555555-5555-5555-5555-555555555555}.Debug|Any CPU.Build.0 = Debug|Any CPU
		{88888888-8888-8888-8888-888888888888}.Debug|Any CPU.ActiveCfg = Debug|Any CPU
		{88888888-8888-8888-8888-888888888888}.Debug|Any CPU.Build.0 = Debug|Any CPU
		{77777777-7777-7777-7777-777777777777}.Debug|Any CPU.ActiveCfg = Debug|Any CPU
		{77777777-7777-7777-7777-777777777777}.Debug|Any CPU.Build.0 = Debug|Any CPU
		{99999999-9999-9999-9999-999999999999}.Debug|Any CPU.ActiveCfg = Debug|Any CPU
		{99999999-9999-9999-9999-999999999999}.Debug|Any CPU.Build.0 = Debug|Any CPU
		{17557ECF-5E80-4245-8755-66A1617F2B84}.Debug|Any CPU.ActiveCfg = Debug|Any CPU
		{17557ECF-5E80-4245-8755-66A1617F2B84}.Debug|Any CPU.Build.0 = Debug|Any CPU
		{5CF6E9F5-1AA6-4A8A-A745-1946F59047F5}.Debug|Any CPU.ActiveCfg = Debug|Any CPU
		{5CF6E9F5-1AA6-4A8A-A745-1946F59047F5}.Debug|Any CPU.Build.0 = Debug|Any CPU
		{5CF6E9F5-1AA6-4A8A-A745-1946F59047F5}.Debug|x64.ActiveCfg = Debug|Any CPU
		{5CF6E9F5-1AA6-4A8A-A745-1946F59047F5}.Debug|x64.Build.0 = Debug|Any CPU
		{5CF6E9F5-1AA6-4A8A-A745-1946F59047F5}.Debug|x86.ActiveCfg = Debug|Any CPU
		{5CF6E9F5-1AA6-4A8A-A745-1946F59047F5}.Debug|x86.Build.0 = Debug|Any CPU
		{5CF6E9F5-1AA6-4A8A-A745-1946F59047F5}.Release|Any CPU.ActiveCfg = Release|Any CPU
		{5CF6E9F5-1AA6-4A8A-A745-1946F59047F5}.Release|Any CPU.Build.0 = Release|Any CPU
		{5CF6E9F5-1AA6-4A8A-A745-1946F59047F5}.Release|x64.ActiveCfg = Release|Any CPU
		{5CF6E9F5-1AA6-4A8A-A745-1946F59047F5}.Release|x64.Build.0 = Release|Any CPU
		{5CF6E9F5-1AA6-4A8A-A745-1946F59047F5}.Release|x86.ActiveCfg = Release|Any CPU
		{5CF6E9F5-1AA6-4A8A-A745-1946F59047F5}.Release|x86.Build.0 = Release|Any CPU
		{0EECA1E4-F689-4D83-B26C-2E201E7A701B}.Debug|Any CPU.ActiveCfg = Debug|Any CPU
		{0EECA1E4-F689-4D83-B26C-2E201E7A701B}.Debug|Any CPU.Build.0 = Debug|Any CPU
		{0EECA1E4-F689-4D83-B26C-2E201E7A701B}.Debug|x64.ActiveCfg = Debug|Any CPU
		{0EECA1E4-F689-4D83-B26C-2E201E7A701B}.Debug|x64.Build.0 = Debug|Any CPU
		{0EECA1E4-F689-4D83-B26C-2E201E7A701B}.Debug|x86.ActiveCfg = Debug|Any CPU
		{0EECA1E4-F689-4D83-B26C-2E201E7A701B}.Debug|x86.Build.0 = Debug|Any CPU
		{0EECA1E4-F689-4D83-B26C-2E201E7A701B}.Release|Any CPU.ActiveCfg = Release|Any CPU
		{0EECA1E4-F689-4D83-B26C-2E201E7A701B}.Release|Any CPU.Build.0 = Release|Any CPU
		{0EECA1E4-F689-4D83-B26C-2E201E7A701B}.Release|x64.ActiveCfg = Release|Any CPU
		{0EECA1E4-F689-4D83-B26C-2E201E7A701B}.Release|x64.Build.0 = Release|Any CPU
		{0EECA1E4-F689-4D83-B26C-2E201E7A701B}.Release|x86.ActiveCfg = Release|Any CPU
		{0EECA1E4-F689-4D83-B26C-2E201E7A701B}.Release|x86.Build.0 = Release|Any CPU
		{15FF3C10-FCB6-4889-8E55-C747B34DB857}.Debug|Any CPU.ActiveCfg = Debug|Any CPU
		{15FF3C10-FCB6-4889-8E55-C747B34DB857}.Debug|Any CPU.Build.0 = Debug|Any CPU
		{15FF3C10-FCB6-4889-8E55-C747B34DB857}.Debug|x64.ActiveCfg = Debug|Any CPU
		{15FF3C10-FCB6-4889-8E55-C747B34DB857}.Debug|x64.Build.0 = Debug|Any CPU
		{15FF3C10-FCB6-4889-8E55-C747B34DB857}.Debug|x86.ActiveCfg = Debug|Any CPU
		{15FF3C10-FCB6-4889-8E55-C747B34DB857}.Debug|x86.Build.0 = Debug|Any CPU
		{15FF3C10-FCB6-4889-8E55-C747B34DB857}.Release|Any CPU.ActiveCfg = Release|Any CPU
		{15FF3C10-FCB6-4889-8E55-C747B34DB857}.Release|Any CPU.Build.0 = Release|Any CPU
		{15FF3C10-FCB6-4889-8E55-C747B34DB857}.Release|x64.ActiveCfg = Release|Any CPU
		{15FF3C10-FCB6-4889-8E55-C747B34DB857}.Release|x64.Build.0 = Release|Any CPU
		{15FF3C10-FCB6-4889-8E55-C747B34DB857}.Release|x86.ActiveCfg = Release|Any CPU
		{15FF3C10-FCB6-4889-8E55-C747B34DB857}.Release|x86.Build.0 = Release|Any CPU
	EndGlobalSection
	GlobalSection(SolutionProperties) = preSolution
		HideSolutionNode = FALSE
	EndGlobalSection
	GlobalSection(NestedProjects) = preSolution
		{3E4C58F7-D918-4B35-84D1-339CFF05F050} = {052787FD-07BA-4EB3-B789-CA852B410ED1}
		{0997FB29-F707-4B36-B56C-F5D63A696B1C} = {052787FD-07BA-4EB3-B789-CA852B410ED1}
		{55555555-5555-5555-5555-555555555555} = {052787FD-07BA-4EB3-B789-CA852B410ED1}
		{88888888-8888-8888-8888-888888888888} = {052787FD-07BA-4EB3-B789-CA852B410ED1}
		{77777777-7777-7777-7777-777777777777} = {052787FD-07BA-4EB3-B789-CA852B410ED1}
		{99999999-9999-9999-9999-999999999999} = {052787FD-07BA-4EB3-B789-CA852B410ED1}
		{17557ECF-5E80-4245-8755-66A1617F2B84} = {0AB3BF05-4346-4AA6-1389-037BE0695223}
		{5CF6E9F5-1AA6-4A8A-A745-1946F59047F5} = {052787FD-07BA-4EB3-B789-CA852B410ED1}
		{0EECA1E4-F689-4D83-B26C-2E201E7A701B} = {052787FD-07BA-4EB3-B789-CA852B410ED1}
		{15FF3C10-FCB6-4889-8E55-C747B34DB857} = {052787FD-07BA-4EB3-B789-CA852B410ED1}
	EndGlobalSection
EndGlobal
